
Microsoft Visual Studio Solution File, Format Version 12.00
# Visual Studio Version 17
VisualStudioVersion = 17.2.32602.215
MinimumVisualStudioVersion = 10.0.40219.1
Project("{FAE04EC0-301F-11D3-BF4B-00C04F79EFBC}") = "BowlingGame", "BowlingGame.csproj", "{BFDC5077-8F15-454A-BED0-65412CDCBB93}"
EndProject
Global
	GlobalSection(SolutionConfigurationPlatforms) = preSolution
		Debug|Any CPU = Debug|Any CPU
		Release|Any CPU = Release|Any CPU
	EndGlobalSection
	GlobalSection(ProjectConfigurationPlatforms) = postSolution
		{BFDC5077-8F15-454A-BED0-65412CDCBB93}.Debug|Any CPU.ActiveCfg = Debug|Any CPU
		{BFDC5077-8F15-454A-BED0-65412CDCBB93}.Debug|Any CPU.Build.0 = Debug|Any CPU
		{BFDC5077-8F15-454A-BED0-65412CDCBB93}.Release|Any CPU.ActiveCfg = Release|Any CPU
		{BFDC5077-8F15-454A-BED0-65412CDCBB93}.Release|Any CPU.Build.0 = Release|Any CPU
	EndGlobalSection
	GlobalSection(SolutionProperties) = preSolution
		HideSolutionNode = FALSE
	EndGlobalSection
	GlobalSection(ExtensibilityGlobals) = postSolution
		SolutionGuid = {48585C74-92B4-4A2E-AF39-0FDF6FFD1B13}
	EndGlobalSection
EndGlobal
